
Microsoft Visual Studio Solution File, Format Version 12.00
# Visual Studio Version 16
VisualStudioVersion = 16.0.30611.23
MinimumVisualStudioVersion = 10.0.40219.1
Project("{888888A0-9F3D-457C-B088-3A5042F75D52}") = "AlbertoIzq-6.AmazonSearchScraper", "AlbertoIzq-6.AmazonSearchScraper\AlbertoIzq-6.AmazonSearchScraper.pyproj", "{9C9D4805-4DB2-4C34-90DF-39B63B49E039}"
EndProject
Global
	GlobalSection(SolutionConfigurationPlatforms) = preSolution
		Debug|Any CPU = Debug|Any CPU
		Release|Any CPU = Release|Any CPU
	EndGlobalSection
	GlobalSection(ProjectConfigurationPlatforms) = postSolution
		{9C9D4805-4DB2-4C34-90DF-39B63B49E039}.Debug|Any CPU.ActiveCfg = Debug|Any CPU
		{9C9D4805-4DB2-4C34-90DF-39B63B49E039}.Release|Any CPU.ActiveCfg = Release|Any CPU
	EndGlobalSection
	GlobalSection(SolutionProperties) = preSolution
		HideSolutionNode = FALSE
	EndGlobalSection
	GlobalSection(ExtensibilityGlobals) = postSolution
		SolutionGuid = {C0B113D0-AB2F-442D-92F0-0744EAD787AC}
	EndGlobalSection
EndGlobal
